// !$*UTF8*$!
{
	archiveVersion = 1;
	classes = {
	};
	objectVersion = 56;
	objects = {

/* Begin PBXBuildFile section */
		04845A2229706C5D00180520 /* PortfolioViewModel.swift in Sources */ = {isa = PBXBuildFile; fileRef = 04845A2129706C5D00180520 /* PortfolioViewModel.swift */; };
		04845A24297070A200180520 /* PickerView.swift in Sources */ = {isa = PBXBuildFile; fileRef = 04845A23297070A200180520 /* PickerView.swift */; };
		587D57FC29798CDE0005B0E3 /* TagSelectionView.swift in Sources */ = {isa = PBXBuildFile; fileRef = 587D57FA29798CDE0005B0E3 /* TagSelectionView.swift */; };
		587D57FD29798CDE0005B0E3 /* TagView.swift in Sources */ = {isa = PBXBuildFile; fileRef = 587D57FB29798CDE0005B0E3 /* TagView.swift */; };
		58B1D75529799C6D00D609BF /* ProjectView.swift in Sources */ = {isa = PBXBuildFile; fileRef = 58B1D75429799C6D00D609BF /* ProjectView.swift */; };
		A733BECC296EEE8E001347D7 /* ECS_Sofa_ProjectApp.swift in Sources */ = {isa = PBXBuildFile; fileRef = A733BECB296EEE8E001347D7 /* ECS_Sofa_ProjectApp.swift */; };
		A733BECE296EEE8E001347D7 /* ContentView.swift in Sources */ = {isa = PBXBuildFile; fileRef = A733BECD296EEE8E001347D7 /* ContentView.swift */; };
		A733BED0296EEE8F001347D7 /* Assets.xcassets in Resources */ = {isa = PBXBuildFile; fileRef = A733BECF296EEE8F001347D7 /* Assets.xcassets */; };
		A733BED3296EEE8F001347D7 /* Preview Assets.xcassets in Resources */ = {isa = PBXBuildFile; fileRef = A733BED2296EEE8F001347D7 /* Preview Assets.xcassets */; };
		A733BEDB296EEF84001347D7 /* PortfolioView.swift in Sources */ = {isa = PBXBuildFile; fileRef = A733BEDA296EEF84001347D7 /* PortfolioView.swift */; };
		A733BEDD296EEFAD001347D7 /* InProgressView.swift in Sources */ = {isa = PBXBuildFile; fileRef = A733BEDC296EEFAD001347D7 /* InProgressView.swift */; };
		A733BEDF296EEFE0001347D7 /* AddProjectModal.swift in Sources */ = {isa = PBXBuildFile; fileRef = A733BEDE296EEFE0001347D7 /* AddProjectModal.swift */; };
		A733BEE4296EF073001347D7 /* ProjectPreview.swift in Sources */ = {isa = PBXBuildFile; fileRef = A733BEE3296EF073001347D7 /* ProjectPreview.swift */; };
		A773F087296F0D9700AF520C /* ProjectModel.swift in Sources */ = {isa = PBXBuildFile; fileRef = A773F086296F0D9700AF520C /* ProjectModel.swift */; };
		A7EB443F29783E3D00703A25 /* Repository.swift in Sources */ = {isa = PBXBuildFile; fileRef = A7EB443E29783E3D00703A25 /* Repository.swift */; };
/* End PBXBuildFile section */

/* Begin PBXFileReference section */
		04845A2129706C5D00180520 /* PortfolioViewModel.swift */ = {isa = PBXFileReference; lastKnownFileType = sourcecode.swift; path = PortfolioViewModel.swift; sourceTree = "<group>"; };
		04845A23297070A200180520 /* PickerView.swift */ = {isa = PBXFileReference; lastKnownFileType = sourcecode.swift; path = PickerView.swift; sourceTree = "<group>"; };
		587D57FA29798CDE0005B0E3 /* TagSelectionView.swift */ = {isa = PBXFileReference; fileEncoding = 4; lastKnownFileType = sourcecode.swift; path = TagSelectionView.swift; sourceTree = "<group>"; };
		587D57FB29798CDE0005B0E3 /* TagView.swift */ = {isa = PBXFileReference; fileEncoding = 4; lastKnownFileType = sourcecode.swift; path = TagView.swift; sourceTree = "<group>"; };
		58B1D75429799C6D00D609BF /* ProjectView.swift */ = {isa = PBXFileReference; lastKnownFileType = sourcecode.swift; path = ProjectView.swift; sourceTree = "<group>"; };
		A733BEC8296EEE8E001347D7 /* ECS Sofa Project.app */ = {isa = PBXFileReference; explicitFileType = wrapper.application; includeInIndex = 0; path = "ECS Sofa Project.app"; sourceTree = BUILT_PRODUCTS_DIR; };
		A733BECB296EEE8E001347D7 /* ECS_Sofa_ProjectApp.swift */ = {isa = PBXFileReference; lastKnownFileType = sourcecode.swift; path = ECS_Sofa_ProjectApp.swift; sourceTree = "<group>"; };
		A733BECD296EEE8E001347D7 /* ContentView.swift */ = {isa = PBXFileReference; lastKnownFileType = sourcecode.swift; path = ContentView.swift; sourceTree = "<group>"; };
		A733BECF296EEE8F001347D7 /* Assets.xcassets */ = {isa = PBXFileReference; lastKnownFileType = folder.assetcatalog; path = Assets.xcassets; sourceTree = "<group>"; };
		A733BED2296EEE8F001347D7 /* Preview Assets.xcassets */ = {isa = PBXFileReference; lastKnownFileType = folder.assetcatalog; path = "Preview Assets.xcassets"; sourceTree = "<group>"; };
		A733BEDA296EEF84001347D7 /* PortfolioView.swift */ = {isa = PBXFileReference; lastKnownFileType = sourcecode.swift; path = PortfolioView.swift; sourceTree = "<group>"; };
		A733BEDC296EEFAD001347D7 /* InProgressView.swift */ = {isa = PBXFileReference; lastKnownFileType = sourcecode.swift; path = InProgressView.swift; sourceTree = "<group>"; };
		A733BEDE296EEFE0001347D7 /* AddProjectModal.swift */ = {isa = PBXFileReference; lastKnownFileType = sourcecode.swift; path = AddProjectModal.swift; sourceTree = "<group>"; };
		A733BEE3296EF073001347D7 /* ProjectPreview.swift */ = {isa = PBXFileReference; lastKnownFileType = sourcecode.swift; path = ProjectPreview.swift; sourceTree = "<group>"; };
		A773F086296F0D9700AF520C /* ProjectModel.swift */ = {isa = PBXFileReference; lastKnownFileType = sourcecode.swift; path = ProjectModel.swift; sourceTree = "<group>"; };
		A7EB443E29783E3D00703A25 /* Repository.swift */ = {isa = PBXFileReference; lastKnownFileType = sourcecode.swift; path = Repository.swift; sourceTree = "<group>"; };
/* End PBXFileReference section */

/* Begin PBXFrameworksBuildPhase section */
		A733BEC5296EEE8E001347D7 /* Frameworks */ = {
			isa = PBXFrameworksBuildPhase;
			buildActionMask = 2147483647;
			files = (
			);
			runOnlyForDeploymentPostprocessing = 0;
		};
/* End PBXFrameworksBuildPhase section */

/* Begin PBXGroup section */
		04845A2029706C3E00180520 /* ViewModels */ = {
			isa = PBXGroup;
			children = (
				04845A2129706C5D00180520 /* PortfolioViewModel.swift */,
			);
			path = ViewModels;
			sourceTree = "<group>";
		};
		A733BEBF296EEE8E001347D7 = {
			isa = PBXGroup;
			children = (
				A733BECA296EEE8E001347D7 /* ECS Sofa Project */,
				A733BEC9296EEE8E001347D7 /* Products */,
			);
			sourceTree = "<group>";
		};
		A733BEC9296EEE8E001347D7 /* Products */ = {
			isa = PBXGroup;
			children = (
				A733BEC8296EEE8E001347D7 /* ECS Sofa Project.app */,
			);
			name = Products;
			sourceTree = "<group>";
		};
		A733BECA296EEE8E001347D7 /* ECS Sofa Project */ = {
			isa = PBXGroup;
			children = (
				A733BECB296EEE8E001347D7 /* ECS_Sofa_ProjectApp.swift */,
				A773F085296F0D7D00AF520C /* Views */,
				04845A2029706C3E00180520 /* ViewModels */,
				A773F084296F0D6900AF520C /* Models */,
				A733BECF296EEE8F001347D7 /* Assets.xcassets */,
				A733BED1296EEE8F001347D7 /* Preview Content */,
			);
			path = "ECS Sofa Project";
			sourceTree = "<group>";
		};
		A733BED1296EEE8F001347D7 /* Preview Content */ = {
			isa = PBXGroup;
			children = (
				A733BED2296EEE8F001347D7 /* Preview Assets.xcassets */,
			);
			path = "Preview Content";
			sourceTree = "<group>";
		};
		A733BED9296EEEA4001347D7 /* Tabs */ = {
			isa = PBXGroup;
			children = (
				A733BEE0296EEFF0001347D7 /* Portfolio */,
				A733BEE1296EEFFA001347D7 /* InProgress */,
			);
			path = Tabs;
			sourceTree = "<group>";
		};
		A733BEE0296EEFF0001347D7 /* Portfolio */ = {
			isa = PBXGroup;
			children = (
				A733BEDA296EEF84001347D7 /* PortfolioView.swift */,
				A733BEE2296EF00E001347D7 /* Items */,
			);
			path = Portfolio;
			sourceTree = "<group>";
		};
		A733BEE1296EEFFA001347D7 /* InProgress */ = {
			isa = PBXGroup;
			children = (
				A733BEDC296EEFAD001347D7 /* InProgressView.swift */,
			);
			name = InProgress;
			sourceTree = "<group>";
		};
		A733BEE2296EF00E001347D7 /* Items */ = {
			isa = PBXGroup;
			children = (
				58B1D75429799C6D00D609BF /* ProjectView.swift */,
				A733BEDE296EEFE0001347D7 /* AddProjectModal.swift */,
				587D57FA29798CDE0005B0E3 /* TagSelectionView.swift */,
				587D57FB29798CDE0005B0E3 /* TagView.swift */,
				04845A23297070A200180520 /* PickerView.swift */,
				A733BEE3296EF073001347D7 /* ProjectPreview.swift */,
			);
			path = Items;
			sourceTree = "<group>";
		};
		A773F084296F0D6900AF520C /* Models */ = {
			isa = PBXGroup;
			children = (
				A773F086296F0D9700AF520C /* ProjectModel.swift */,
				A7EB443E29783E3D00703A25 /* Repository.swift */,
			);
			path = Models;
			sourceTree = "<group>";
		};
		A773F085296F0D7D00AF520C /* Views */ = {
			isa = PBXGroup;
			children = (
				A733BECD296EEE8E001347D7 /* ContentView.swift */,
				A733BED9296EEEA4001347D7 /* Tabs */,
			);
			path = Views;
			sourceTree = "<group>";
		};
/* End PBXGroup section */

/* Begin PBXNativeTarget section */
		A733BEC7296EEE8E001347D7 /* ECS Sofa Project */ = {
			isa = PBXNativeTarget;
			buildConfigurationList = A733BED6296EEE8F001347D7 /* Build configuration list for PBXNativeTarget "ECS Sofa Project" */;
			buildPhases = (
				A733BEC4296EEE8E001347D7 /* Sources */,
				A733BEC5296EEE8E001347D7 /* Frameworks */,
				A733BEC6296EEE8E001347D7 /* Resources */,
				58211A3E2975ACA300244071 /* ShellScript */,
			);
			buildRules = (
			);
			dependencies = (
			);
			name = "ECS Sofa Project";
			productName = "ECS Sofa Project";
			productReference = A733BEC8296EEE8E001347D7 /* ECS Sofa Project.app */;
			productType = "com.apple.product-type.application";
		};
/* End PBXNativeTarget section */

/* Begin PBXProject section */
		A733BEC0296EEE8E001347D7 /* Project object */ = {
			isa = PBXProject;
			attributes = {
				BuildIndependentTargetsInParallel = 1;
				LastSwiftUpdateCheck = 1420;
				LastUpgradeCheck = 1420;
				TargetAttributes = {
					A733BEC7296EEE8E001347D7 = {
						CreatedOnToolsVersion = 14.2;
					};
				};
			};
			buildConfigurationList = A733BEC3296EEE8E001347D7 /* Build configuration list for PBXProject "ECS Sofa Project" */;
			compatibilityVersion = "Xcode 14.0";
			developmentRegion = en;
			hasScannedForEncodings = 0;
			knownRegions = (
				en,
				Base,
			);
			mainGroup = A733BEBF296EEE8E001347D7;
			productRefGroup = A733BEC9296EEE8E001347D7 /* Products */;
			projectDirPath = "";
			projectRoot = "";
			targets = (
				A733BEC7296EEE8E001347D7 /* ECS Sofa Project */,
			);
		};
/* End PBXProject section */

/* Begin PBXResourcesBuildPhase section */
		A733BEC6296EEE8E001347D7 /* Resources */ = {
			isa = PBXResourcesBuildPhase;
			buildActionMask = 2147483647;
			files = (
				A733BED3296EEE8F001347D7 /* Preview Assets.xcassets in Resources */,
				A733BED0296EEE8F001347D7 /* Assets.xcassets in Resources */,
			);
			runOnlyForDeploymentPostprocessing = 0;
		};
/* End PBXResourcesBuildPhase section */

/* Begin PBXShellScriptBuildPhase section */
		58211A3E2975ACA300244071 /* ShellScript */ = {
			isa = PBXShellScriptBuildPhase;
			buildActionMask = 8;
			files = (
			);
			inputFileListPaths = (
			);
			inputPaths = (
			);
			outputFileListPaths = (
			);
			outputPaths = (
			);
			runOnlyForDeploymentPostprocessing = 1;
			shellPath = /bin/sh;
			shellScript = "export PATH=\"$PATH:/opt/homebrew/bin\"\nif which swiftlint > /dev/null; then\n  swiftlint\nelse\n  echo \"warning: SwiftLint not installed, download from https://github.com/realm/SwiftLint\"\nfi\n";
		};
/* End PBXShellScriptBuildPhase section */

/* Begin PBXSourcesBuildPhase section */
		A733BEC4296EEE8E001347D7 /* Sources */ = {
			isa = PBXSourcesBuildPhase;
			buildActionMask = 2147483647;
			files = (
				A733BEDB296EEF84001347D7 /* PortfolioView.swift in Sources */,
				A7EB443F29783E3D00703A25 /* Repository.swift in Sources */,
				A733BECE296EEE8E001347D7 /* ContentView.swift in Sources */,
				04845A24297070A200180520 /* PickerView.swift in Sources */,
				A773F087296F0D9700AF520C /* ProjectModel.swift in Sources */,
				A733BEE4296EF073001347D7 /* ProjectPreview.swift in Sources */,
				A733BECC296EEE8E001347D7 /* ECS_Sofa_ProjectApp.swift in Sources */,
				587D57FC29798CDE0005B0E3 /* TagSelectionView.swift in Sources */,
				04845A2229706C5D00180520 /* PortfolioViewModel.swift in Sources */,
				A733BEDF296EEFE0001347D7 /* AddProjectModal.swift in Sources */,
				A733BEDD296EEFAD001347D7 /* InProgressView.swift in Sources */,
				587D57FD29798CDE0005B0E3 /* TagView.swift in Sources */,
				58B1D75529799C6D00D609BF /* ProjectView.swift in Sources */,
			);
			runOnlyForDeploymentPostprocessing = 0;
		};
/* End PBXSourcesBuildPhase section */

/* Begin XCBuildConfiguration section */
		A733BED4296EEE8F001347D7 /* Debug */ = {
			isa = XCBuildConfiguration;
			buildSettings = {
				ALWAYS_SEARCH_USER_PATHS = NO;
				CLANG_ANALYZER_NONNULL = YES;
				CLANG_ANALYZER_NUMBER_OBJECT_CONVERSION = YES_AGGRESSIVE;
				CLANG_CXX_LANGUAGE_STANDARD = "gnu++20";
				CLANG_ENABLE_MODULES = YES;
				CLANG_ENABLE_OBJC_ARC = YES;
				CLANG_ENABLE_OBJC_WEAK = YES;
				CLANG_WARN_BLOCK_CAPTURE_AUTORELEASING = YES;
				CLANG_WARN_BOOL_CONVERSION = YES;
				CLANG_WARN_COMMA = YES;
				CLANG_WARN_CONSTANT_CONVERSION = YES;
				CLANG_WARN_DEPRECATED_OBJC_IMPLEMENTATIONS = YES;
				CLANG_WARN_DIRECT_OBJC_ISA_USAGE = YES_ERROR;
				CLANG_WARN_DOCUMENTATION_COMMENTS = YES;
				CLANG_WARN_EMPTY_BODY = YES;
				CLANG_WARN_ENUM_CONVERSION = YES;
				CLANG_WARN_INFINITE_RECURSION = YES;
				CLANG_WARN_INT_CONVERSION = YES;
				CLANG_WARN_NON_LITERAL_NULL_CONVERSION = YES;
				CLANG_WARN_OBJC_IMPLICIT_RETAIN_SELF = YES;
				CLANG_WARN_OBJC_LITERAL_CONVERSION = YES;
				CLANG_WARN_OBJC_ROOT_CLASS = YES_ERROR;
				CLANG_WARN_QUOTED_INCLUDE_IN_FRAMEWORK_HEADER = YES;
				CLANG_WARN_RANGE_LOOP_ANALYSIS = YES;
				CLANG_WARN_STRICT_PROTOTYPES = YES;
				CLANG_WARN_SUSPICIOUS_MOVE = YES;
				CLANG_WARN_UNGUARDED_AVAILABILITY = YES_AGGRESSIVE;
				CLANG_WARN_UNREACHABLE_CODE = YES;
				CLANG_WARN__DUPLICATE_METHOD_MATCH = YES;
				COPY_PHASE_STRIP = NO;
				DEBUG_INFORMATION_FORMAT = dwarf;
				ENABLE_STRICT_OBJC_MSGSEND = YES;
				ENABLE_TESTABILITY = YES;
				GCC_C_LANGUAGE_STANDARD = gnu11;
				GCC_DYNAMIC_NO_PIC = NO;
				GCC_NO_COMMON_BLOCKS = YES;
				GCC_OPTIMIZATION_LEVEL = 0;
				GCC_PREPROCESSOR_DEFINITIONS = (
					"DEBUG=1",
					"$(inherited)",
				);
				GCC_WARN_64_TO_32_BIT_CONVERSION = YES;
				GCC_WARN_ABOUT_RETURN_TYPE = YES_ERROR;
				GCC_WARN_UNDECLARED_SELECTOR = YES;
				GCC_WARN_UNINITIALIZED_AUTOS = YES_AGGRESSIVE;
				GCC_WARN_UNUSED_FUNCTION = YES;
				GCC_WARN_UNUSED_VARIABLE = YES;
				IPHONEOS_DEPLOYMENT_TARGET = 16.2;
				MTL_ENABLE_DEBUG_INFO = INCLUDE_SOURCE;
				MTL_FAST_MATH = YES;
				ONLY_ACTIVE_ARCH = YES;
				SDKROOT = iphoneos;
				SWIFT_ACTIVE_COMPILATION_CONDITIONS = DEBUG;
				SWIFT_OPTIMIZATION_LEVEL = "-Onone";
			};
			name = Debug;
		};
		A733BED5296EEE8F001347D7 /* Release */ = {
			isa = XCBuildConfiguration;
			buildSettings = {
				ALWAYS_SEARCH_USER_PATHS = NO;
				CLANG_ANALYZER_NONNULL = YES;
				CLANG_ANALYZER_NUMBER_OBJECT_CONVERSION = YES_AGGRESSIVE;
				CLANG_CXX_LANGUAGE_STANDARD = "gnu++20";
				CLANG_ENABLE_MODULES = YES;
				CLANG_ENABLE_OBJC_ARC = YES;
				CLANG_ENABLE_OBJC_WEAK = YES;
				CLANG_WARN_BLOCK_CAPTURE_AUTORELEASING = YES;
				CLANG_WARN_BOOL_CONVERSION = YES;
				CLANG_WARN_COMMA = YES;
				CLANG_WARN_CONSTANT_CONVERSION = YES;
				CLANG_WARN_DEPRECATED_OBJC_IMPLEMENTATIONS = YES;
				CLANG_WARN_DIRECT_OBJC_ISA_USAGE = YES_ERROR;
				CLANG_WARN_DOCUMENTATION_COMMENTS = YES;
				CLANG_WARN_EMPTY_BODY = YES;
				CLANG_WARN_ENUM_CONVERSION = YES;
				CLANG_WARN_INFINITE_RECURSION = YES;
				CLANG_WARN_INT_CONVERSION = YES;
				CLANG_WARN_NON_LITERAL_NULL_CONVERSION = YES;
				CLANG_WARN_OBJC_IMPLICIT_RETAIN_SELF = YES;
				CLANG_WARN_OBJC_LITERAL_CONVERSION = YES;
				CLANG_WARN_OBJC_ROOT_CLASS = YES_ERROR;
				CLANG_WARN_QUOTED_INCLUDE_IN_FRAMEWORK_HEADER = YES;
				CLANG_WARN_RANGE_LOOP_ANALYSIS = YES;
				CLANG_WARN_STRICT_PROTOTYPES = YES;
				CLANG_WARN_SUSPICIOUS_MOVE = YES;
				CLANG_WARN_UNGUARDED_AVAILABILITY = YES_AGGRESSIVE;
				CLANG_WARN_UNREACHABLE_CODE = YES;
				CLANG_WARN__DUPLICATE_METHOD_MATCH = YES;
				COPY_PHASE_STRIP = NO;
				DEBUG_INFORMATION_FORMAT = "dwarf-with-dsym";
				ENABLE_NS_ASSERTIONS = NO;
				ENABLE_STRICT_OBJC_MSGSEND = YES;
				GCC_C_LANGUAGE_STANDARD = gnu11;
				GCC_NO_COMMON_BLOCKS = YES;
				GCC_WARN_64_TO_32_BIT_CONVERSION = YES;
				GCC_WARN_ABOUT_RETURN_TYPE = YES_ERROR;
				GCC_WARN_UNDECLARED_SELECTOR = YES;
				GCC_WARN_UNINITIALIZED_AUTOS = YES_AGGRESSIVE;
				GCC_WARN_UNUSED_FUNCTION = YES;
				GCC_WARN_UNUSED_VARIABLE = YES;
				IPHONEOS_DEPLOYMENT_TARGET = 16.2;
				MTL_ENABLE_DEBUG_INFO = NO;
				MTL_FAST_MATH = YES;
				SDKROOT = iphoneos;
				SWIFT_COMPILATION_MODE = wholemodule;
				SWIFT_OPTIMIZATION_LEVEL = "-O";
				VALIDATE_PRODUCT = YES;
			};
			name = Release;
		};
		A733BED7296EEE8F001347D7 /* Debug */ = {
			isa = XCBuildConfiguration;
			buildSettings = {
				ASSETCATALOG_COMPILER_APPICON_NAME = AppIcon;
				ASSETCATALOG_COMPILER_GLOBAL_ACCENT_COLOR_NAME = AccentColor;
				CODE_SIGN_STYLE = Automatic;
				CURRENT_PROJECT_VERSION = 1;
				DEVELOPMENT_ASSET_PATHS = "\"ECS Sofa Project/Preview Content\"";
				DEVELOPMENT_TEAM = "";
				ENABLE_PREVIEWS = YES;
				GENERATE_INFOPLIST_FILE = YES;
				INFOPLIST_KEY_UIApplicationSceneManifest_Generation = YES;
				INFOPLIST_KEY_UIApplicationSupportsIndirectInputEvents = YES;
				INFOPLIST_KEY_UILaunchScreen_Generation = YES;
				INFOPLIST_KEY_UISupportedInterfaceOrientations_iPad = "UIInterfaceOrientationPortrait UIInterfaceOrientationPortraitUpsideDown UIInterfaceOrientationLandscapeLeft UIInterfaceOrientationLandscapeRight";
				INFOPLIST_KEY_UISupportedInterfaceOrientations_iPhone = "UIInterfaceOrientationPortrait UIInterfaceOrientationLandscapeLeft UIInterfaceOrientationLandscapeRight";
				LD_RUNPATH_SEARCH_PATHS = (
					"$(inherited)",
					"@executable_path/Frameworks",
				);
				MARKETING_VERSION = 1.0;
				PRODUCT_BUNDLE_IDENTIFIER = "Leonardo-Daniele.ECS-Sofa-Project";
				PRODUCT_NAME = "$(TARGET_NAME)";
				SWIFT_EMIT_LOC_STRINGS = YES;
				SWIFT_VERSION = 5.0;
				TARGETED_DEVICE_FAMILY = "1,2";
			};
			name = Debug;
		};
		A733BED8296EEE8F001347D7 /* Release */ = {
			isa = XCBuildConfiguration;
			buildSettings = {
				ASSETCATALOG_COMPILER_APPICON_NAME = AppIcon;
				ASSETCATALOG_COMPILER_GLOBAL_ACCENT_COLOR_NAME = AccentColor;
				CODE_SIGN_STYLE = Automatic;
				CURRENT_PROJECT_VERSION = 1;
				DEVELOPMENT_ASSET_PATHS = "\"ECS Sofa Project/Preview Content\"";
				DEVELOPMENT_TEAM = "";
				ENABLE_PREVIEWS = YES;
				GENERATE_INFOPLIST_FILE = YES;
				INFOPLIST_KEY_UIApplicationSceneManifest_Generation = YES;
				INFOPLIST_KEY_UIApplicationSupportsIndirectInputEvents = YES;
				INFOPLIST_KEY_UILaunchScreen_Generation = YES;
				INFOPLIST_KEY_UISupportedInterfaceOrientations_iPad = "UIInterfaceOrientationPortrait UIInterfaceOrientationPortraitUpsideDown UIInterfaceOrientationLandscapeLeft UIInterfaceOrientationLandscapeRight";
				INFOPLIST_KEY_UISupportedInterfaceOrientations_iPhone = "UIInterfaceOrientationPortrait UIInterfaceOrientationLandscapeLeft UIInterfaceOrientationLandscapeRight";
				LD_RUNPATH_SEARCH_PATHS = (
					"$(inherited)",
					"@executable_path/Frameworks",
				);
				MARKETING_VERSION = 1.0;
				PRODUCT_BUNDLE_IDENTIFIER = "Leonardo-Daniele.ECS-Sofa-Project";
				PRODUCT_NAME = "$(TARGET_NAME)";
				SWIFT_EMIT_LOC_STRINGS = YES;
				SWIFT_VERSION = 5.0;
				TARGETED_DEVICE_FAMILY = "1,2";
			};
			name = Release;
		};
/* End XCBuildConfiguration section */

/* Begin XCConfigurationList section */
		A733BEC3296EEE8E001347D7 /* Build configuration list for PBXProject "ECS Sofa Project" */ = {
			isa = XCConfigurationList;
			buildConfigurations = (
				A733BED4296EEE8F001347D7 /* Debug */,
				A733BED5296EEE8F001347D7 /* Release */,
			);
			defaultConfigurationIsVisible = 0;
			defaultConfigurationName = Release;
		};
		A733BED6296EEE8F001347D7 /* Build configuration list for PBXNativeTarget "ECS Sofa Project" */ = {
			isa = XCConfigurationList;
			buildConfigurations = (
				A733BED7296EEE8F001347D7 /* Debug */,
				A733BED8296EEE8F001347D7 /* Release */,
			);
			defaultConfigurationIsVisible = 0;
			defaultConfigurationName = Release;
		};
/* End XCConfigurationList section */
	};
	rootObject = A733BEC0296EEE8E001347D7 /* Project object */;
}
